// !$*UTF8*$!
{
	archiveVersion = 1;
	classes = {
	};
	objectVersion = 46;
	objects = {

/* Begin PBXBuildFile section */
		3E67E8251E52FD62004AF125 /* AFHTTPSessionManager.m in Sources */ = {isa = PBXBuildFile; fileRef = 3E67E8021E52FD62004AF125 /* AFHTTPSessionManager.m */; };
		3E67E8261E52FD62004AF125 /* AFNetworkReachabilityManager.m in Sources */ = {isa = PBXBuildFile; fileRef = 3E67E8051E52FD62004AF125 /* AFNetworkReachabilityManager.m */; };
		3E67E8271E52FD62004AF125 /* AFSecurityPolicy.m in Sources */ = {isa = PBXBuildFile; fileRef = 3E67E8071E52FD62004AF125 /* AFSecurityPolicy.m */; };
		3E67E8281E52FD62004AF125 /* AFURLRequestSerialization.m in Sources */ = {isa = PBXBuildFile; fileRef = 3E67E8091E52FD62004AF125 /* AFURLRequestSerialization.m */; };
		3E67E8291E52FD62004AF125 /* AFURLResponseSerialization.m in Sources */ = {isa = PBXBuildFile; fileRef = 3E67E80B1E52FD62004AF125 /* AFURLResponseSerialization.m */; };
		3E67E82A1E52FD62004AF125 /* AFURLSessionManager.m in Sources */ = {isa = PBXBuildFile; fileRef = 3E67E80D1E52FD62004AF125 /* AFURLSessionManager.m */; };
		3E67E82B1E52FD62004AF125 /* LICENSE in Resources */ = {isa = PBXBuildFile; fileRef = 3E67E80E1E52FD62004AF125 /* LICENSE */; };
		3E67E82C1E52FD62004AF125 /* README.md in Sources */ = {isa = PBXBuildFile; fileRef = 3E67E80F1E52FD62004AF125 /* README.md */; };
		3E67E82D1E52FD62004AF125 /* AFAutoPurgingImageCache.m in Sources */ = {isa = PBXBuildFile; fileRef = 3E67E8121E52FD62004AF125 /* AFAutoPurgingImageCache.m */; };
		3E67E82E1E52FD62004AF125 /* AFImageDownloader.m in Sources */ = {isa = PBXBuildFile; fileRef = 3E67E8141E52FD62004AF125 /* AFImageDownloader.m */; };
		3E67E82F1E52FD62004AF125 /* AFNetworkActivityIndicatorManager.m in Sources */ = {isa = PBXBuildFile; fileRef = 3E67E8161E52FD62004AF125 /* AFNetworkActivityIndicatorManager.m */; };
		3E67E8301E52FD62004AF125 /* UIActivityIndicatorView+AFNetworking.m in Sources */ = {isa = PBXBuildFile; fileRef = 3E67E8181E52FD62004AF125 /* UIActivityIndicatorView+AFNetworking.m */; };
		3E67E8311E52FD62004AF125 /* UIButton+AFNetworking.m in Sources */ = {isa = PBXBuildFile; fileRef = 3E67E81A1E52FD62004AF125 /* UIButton+AFNetworking.m */; };
		3E67E8321E52FD62004AF125 /* UIImageView+AFNetworking.m in Sources */ = {isa = PBXBuildFile; fileRef = 3E67E81D1E52FD62004AF125 /* UIImageView+AFNetworking.m */; };
		3E67E8331E52FD62004AF125 /* UIProgressView+AFNetworking.m in Sources */ = {isa = PBXBuildFile; fileRef = 3E67E8201E52FD62004AF125 /* UIProgressView+AFNetworking.m */; };
		3E67E8341E52FD62004AF125 /* UIRefreshControl+AFNetworking.m in Sources */ = {isa = PBXBuildFile; fileRef = 3E67E8221E52FD62004AF125 /* UIRefreshControl+AFNetworking.m */; };
		3E67E8351E52FD62004AF125 /* UIWebView+AFNetworking.m in Sources */ = {isa = PBXBuildFile; fileRef = 3E67E8241E52FD62004AF125 /* UIWebView+AFNetworking.m */; };
		3E67E8381E530424004AF125 /* PDFViewController.m in Sources */ = {isa = PBXBuildFile; fileRef = 3E67E8371E530424004AF125 /* PDFViewController.m */; };
		EEB29A951DE6CAE300EDF552 /* main.m in Sources */ = {isa = PBXBuildFile; fileRef = EEB29A941DE6CAE300EDF552 /* main.m */; };
		EEB29A981DE6CAE300EDF552 /* AppDelegate.m in Sources */ = {isa = PBXBuildFile; fileRef = EEB29A971DE6CAE300EDF552 /* AppDelegate.m */; };
		EEB29A9B1DE6CAE300EDF552 /* ViewController.m in Sources */ = {isa = PBXBuildFile; fileRef = EEB29A9A1DE6CAE300EDF552 /* ViewController.m */; };
		EEB29A9E1DE6CAE300EDF552 /* Main.storyboard in Resources */ = {isa = PBXBuildFile; fileRef = EEB29A9C1DE6CAE300EDF552 /* Main.storyboard */; };
		EEB29AA01DE6CAE300EDF552 /* Assets.xcassets in Resources */ = {isa = PBXBuildFile; fileRef = EEB29A9F1DE6CAE300EDF552 /* Assets.xcassets */; };
		EEB29AA31DE6CAE300EDF552 /* LaunchScreen.storyboard in Resources */ = {isa = PBXBuildFile; fileRef = EEB29AA11DE6CAE300EDF552 /* LaunchScreen.storyboard */; };
/* End PBXBuildFile section */

/* Begin PBXFileReference section */
		3E67E8011E52FD62004AF125 /* AFHTTPSessionManager.h */ = {isa = PBXFileReference; fileEncoding = 4; lastKnownFileType = sourcecode.c.h; path = AFHTTPSessionManager.h; sourceTree = "<group>"; };
		3E67E8021E52FD62004AF125 /* AFHTTPSessionManager.m */ = {isa = PBXFileReference; fileEncoding = 4; lastKnownFileType = sourcecode.c.objc; path = AFHTTPSessionManager.m; sourceTree = "<group>"; };
		3E67E8031E52FD62004AF125 /* AFNetworking.h */ = {isa = PBXFileReference; fileEncoding = 4; lastKnownFileType = sourcecode.c.h; path = AFNetworking.h; sourceTree = "<group>"; };
		3E67E8041E52FD62004AF125 /* AFNetworkReachabilityManager.h */ = {isa = PBXFileReference; fileEncoding = 4; lastKnownFileType = sourcecode.c.h; path = AFNetworkReachabilityManager.h; sourceTree = "<group>"; };
		3E67E8051E52FD62004AF125 /* AFNetworkReachabilityManager.m */ = {isa = PBXFileReference; fileEncoding = 4; lastKnownFileType = sourcecode.c.objc; path = AFNetworkReachabilityManager.m; sourceTree = "<group>"; };
		3E67E8061E52FD62004AF125 /* AFSecurityPolicy.h */ = {isa = PBXFileReference; fileEncoding = 4; lastKnownFileType = sourcecode.c.h; path = AFSecurityPolicy.h; sourceTree = "<group>"; };
		3E67E8071E52FD62004AF125 /* AFSecurityPolicy.m */ = {isa = PBXFileReference; fileEncoding = 4; lastKnownFileType = sourcecode.c.objc; path = AFSecurityPolicy.m; sourceTree = "<group>"; };
		3E67E8081E52FD62004AF125 /* AFURLRequestSerialization.h */ = {isa = PBXFileReference; fileEncoding = 4; lastKnownFileType = sourcecode.c.h; path = AFURLRequestSerialization.h; sourceTree = "<group>"; };
		3E67E8091E52FD62004AF125 /* AFURLRequestSerialization.m */ = {isa = PBXFileReference; fileEncoding = 4; lastKnownFileType = sourcecode.c.objc; path = AFURLRequestSerialization.m; sourceTree = "<group>"; };
		3E67E80A1E52FD62004AF125 /* AFURLResponseSerialization.h */ = {isa = PBXFileReference; fileEncoding = 4; lastKnownFileType = sourcecode.c.h; path = AFURLResponseSerialization.h; sourceTree = "<group>"; };
		3E67E80B1E52FD62004AF125 /* AFURLResponseSerialization.m */ = {isa = PBXFileReference; fileEncoding = 4; lastKnownFileType = sourcecode.c.objc; path = AFURLResponseSerialization.m; sourceTree = "<group>"; };
		3E67E80C1E52FD62004AF125 /* AFURLSessionManager.h */ = {isa = PBXFileReference; fileEncoding = 4; lastKnownFileType = sourcecode.c.h; path = AFURLSessionManager.h; sourceTree = "<group>"; };
		3E67E80D1E52FD62004AF125 /* AFURLSessionManager.m */ = {isa = PBXFileReference; fileEncoding = 4; lastKnownFileType = sourcecode.c.objc; path = AFURLSessionManager.m; sourceTree = "<group>"; };
		3E67E80E1E52FD62004AF125 /* LICENSE */ = {isa = PBXFileReference; fileEncoding = 4; lastKnownFileType = text; path = LICENSE; sourceTree = "<group>"; };
		3E67E80F1E52FD62004AF125 /* README.md */ = {isa = PBXFileReference; fileEncoding = 4; lastKnownFileType = net.daringfireball.markdown; path = README.md; sourceTree = "<group>"; };
		3E67E8111E52FD62004AF125 /* AFAutoPurgingImageCache.h */ = {isa = PBXFileReference; fileEncoding = 4; lastKnownFileType = sourcecode.c.h; path = AFAutoPurgingImageCache.h; sourceTree = "<group>"; };
		3E67E8121E52FD62004AF125 /* AFAutoPurgingImageCache.m */ = {isa = PBXFileReference; fileEncoding = 4; lastKnownFileType = sourcecode.c.objc; path = AFAutoPurgingImageCache.m; sourceTree = "<group>"; };
		3E67E8131E52FD62004AF125 /* AFImageDownloader.h */ = {isa = PBXFileReference; fileEncoding = 4; lastKnownFileType = sourcecode.c.h; path = AFImageDownloader.h; sourceTree = "<group>"; };
		3E67E8141E52FD62004AF125 /* AFImageDownloader.m */ = {isa = PBXFileReference; fileEncoding = 4; lastKnownFileType = sourcecode.c.objc; path = AFImageDownloader.m; sourceTree = "<group>"; };
		3E67E8151E52FD62004AF125 /* AFNetworkActivityIndicatorManager.h */ = {isa = PBXFileReference; fileEncoding = 4; lastKnownFileType = sourcecode.c.h; path = AFNetworkActivityIndicatorManager.h; sourceTree = "<group>"; };
		3E67E8161E52FD62004AF125 /* AFNetworkActivityIndicatorManager.m */ = {isa = PBXFileReference; fileEncoding = 4; lastKnownFileType = sourcecode.c.objc; path = AFNetworkActivityIndicatorManager.m; sourceTree = "<group>"; };
		3E67E8171E52FD62004AF125 /* UIActivityIndicatorView+AFNetworking.h */ = {isa = PBXFileReference; fileEncoding = 4; lastKnownFileType = sourcecode.c.h; path = "UIActivityIndicatorView+AFNetworking.h"; sourceTree = "<group>"; };
		3E67E8181E52FD62004AF125 /* UIActivityIndicatorView+AFNetworking.m */ = {isa = PBXFileReference; fileEncoding = 4; lastKnownFileType = sourcecode.c.objc; path = "UIActivityIndicatorView+AFNetworking.m"; sourceTree = "<group>"; };
		3E67E8191E52FD62004AF125 /* UIButton+AFNetworking.h */ = {isa = PBXFileReference; fileEncoding = 4; lastKnownFileType = sourcecode.c.h; path = "UIButton+AFNetworking.h"; sourceTree = "<group>"; };
		3E67E81A1E52FD62004AF125 /* UIButton+AFNetworking.m */ = {isa = PBXFileReference; fileEncoding = 4; lastKnownFileType = sourcecode.c.objc; path = "UIButton+AFNetworking.m"; sourceTree = "<group>"; };
		3E67E81B1E52FD62004AF125 /* UIImage+AFNetworking.h */ = {isa = PBXFileReference; fileEncoding = 4; lastKnownFileType = sourcecode.c.h; path = "UIImage+AFNetworking.h"; sourceTree = "<group>"; };
		3E67E81C1E52FD62004AF125 /* UIImageView+AFNetworking.h */ = {isa = PBXFileReference; fileEncoding = 4; lastKnownFileType = sourcecode.c.h; path = "UIImageView+AFNetworking.h"; sourceTree = "<group>"; };
		3E67E81D1E52FD62004AF125 /* UIImageView+AFNetworking.m */ = {isa = PBXFileReference; fileEncoding = 4; lastKnownFileType = sourcecode.c.objc; path = "UIImageView+AFNetworking.m"; sourceTree = "<group>"; };
		3E67E81E1E52FD62004AF125 /* UIKit+AFNetworking.h */ = {isa = PBXFileReference; fileEncoding = 4; lastKnownFileType = sourcecode.c.h; path = "UIKit+AFNetworking.h"; sourceTree = "<group>"; };
		3E67E81F1E52FD62004AF125 /* UIProgressView+AFNetworking.h */ = {isa = PBXFileReference; fileEncoding = 4; lastKnownFileType = sourcecode.c.h; path = "UIProgressView+AFNetworking.h"; sourceTree = "<group>"; };
		3E67E8201E52FD62004AF125 /* UIProgressView+AFNetworking.m */ = {isa = PBXFileReference; fileEncoding = 4; lastKnownFileType = sourcecode.c.objc; path = "UIProgressView+AFNetworking.m"; sourceTree = "<group>"; };
		3E67E8211E52FD62004AF125 /* UIRefreshControl+AFNetworking.h */ = {isa = PBXFileReference; fileEncoding = 4; lastKnownFileType = sourcecode.c.h; path = "UIRefreshControl+AFNetworking.h"; sourceTree = "<group>"; };
		3E67E8221E52FD62004AF125 /* UIRefreshControl+AFNetworking.m */ = {isa = PBXFileReference; fileEncoding = 4; lastKnownFileType = sourcecode.c.objc; path = "UIRefreshControl+AFNetworking.m"; sourceTree = "<group>"; };
		3E67E8231E52FD62004AF125 /* UIWebView+AFNetworking.h */ = {isa = PBXFileReference; fileEncoding = 4; lastKnownFileType = sourcecode.c.h; path = "UIWebView+AFNetworking.h"; sourceTree = "<group>"; };
		3E67E8241E52FD62004AF125 /* UIWebView+AFNetworking.m */ = {isa = PBXFileReference; fileEncoding = 4; lastKnownFileType = sourcecode.c.objc; path = "UIWebView+AFNetworking.m"; sourceTree = "<group>"; };
		3E67E8361E530424004AF125 /* PDFViewController.h */ = {isa = PBXFileReference; fileEncoding = 4; lastKnownFileType = sourcecode.c.h; path = PDFViewController.h; sourceTree = "<group>"; };
		3E67E8371E530424004AF125 /* PDFViewController.m */ = {isa = PBXFileReference; fileEncoding = 4; lastKnownFileType = sourcecode.c.objc; path = PDFViewController.m; sourceTree = "<group>"; };
		EEB29A901DE6CAE300EDF552 /* DownLoad.app */ = {isa = PBXFileReference; explicitFileType = wrapper.application; includeInIndex = 0; path = DownLoad.app; sourceTree = BUILT_PRODUCTS_DIR; };
		EEB29A941DE6CAE300EDF552 /* main.m */ = {isa = PBXFileReference; lastKnownFileType = sourcecode.c.objc; path = main.m; sourceTree = "<group>"; };
		EEB29A961DE6CAE300EDF552 /* AppDelegate.h */ = {isa = PBXFileReference; lastKnownFileType = sourcecode.c.h; path = AppDelegate.h; sourceTree = "<group>"; };
		EEB29A971DE6CAE300EDF552 /* AppDelegate.m */ = {isa = PBXFileReference; lastKnownFileType = sourcecode.c.objc; path = AppDelegate.m; sourceTree = "<group>"; };
		EEB29A991DE6CAE300EDF552 /* ViewController.h */ = {isa = PBXFileReference; lastKnownFileType = sourcecode.c.h; path = ViewController.h; sourceTree = "<group>"; };
		EEB29A9A1DE6CAE300EDF552 /* ViewController.m */ = {isa = PBXFileReference; lastKnownFileType = sourcecode.c.objc; path = ViewController.m; sourceTree = "<group>"; };
		EEB29A9D1DE6CAE300EDF552 /* Base */ = {isa = PBXFileReference; lastKnownFileType = file.storyboard; name = Base; path = Base.lproj/Main.storyboard; sourceTree = "<group>"; };
		EEB29A9F1DE6CAE300EDF552 /* Assets.xcassets */ = {isa = PBXFileReference; lastKnownFileType = folder.assetcatalog; path = Assets.xcassets; sourceTree = "<group>"; };
		EEB29AA21DE6CAE300EDF552 /* Base */ = {isa = PBXFileReference; lastKnownFileType = file.storyboard; name = Base; path = Base.lproj/LaunchScreen.storyboard; sourceTree = "<group>"; };
		EEB29AA41DE6CAE300EDF552 /* Info.plist */ = {isa = PBXFileReference; lastKnownFileType = text.plist.xml; path = Info.plist; sourceTree = "<group>"; };
/* End PBXFileReference section */

/* Begin PBXFrameworksBuildPhase section */
		EEB29A8D1DE6CAE300EDF552 /* Frameworks */ = {
			isa = PBXFrameworksBuildPhase;
			buildActionMask = 2147483647;
			files = (
			);
			runOnlyForDeploymentPostprocessing = 0;
		};
/* End PBXFrameworksBuildPhase section */

/* Begin PBXGroup section */
		3E67E7FF1E52FD62004AF125 /* AFNetworking */ = {
			isa = PBXGroup;
			children = (
				3E67E8001E52FD62004AF125 /* AFNetworking */,
				3E67E80E1E52FD62004AF125 /* LICENSE */,
				3E67E80F1E52FD62004AF125 /* README.md */,
				3E67E8101E52FD62004AF125 /* UIKit+AFNetworking */,
			);
			path = AFNetworking;
			sourceTree = "<group>";
		};
		3E67E8001E52FD62004AF125 /* AFNetworking */ = {
			isa = PBXGroup;
			children = (
				3E67E8011E52FD62004AF125 /* AFHTTPSessionManager.h */,
				3E67E8021E52FD62004AF125 /* AFHTTPSessionManager.m */,
				3E67E8031E52FD62004AF125 /* AFNetworking.h */,
				3E67E8041E52FD62004AF125 /* AFNetworkReachabilityManager.h */,
				3E67E8051E52FD62004AF125 /* AFNetworkReachabilityManager.m */,
				3E67E8061E52FD62004AF125 /* AFSecurityPolicy.h */,
				3E67E8071E52FD62004AF125 /* AFSecurityPolicy.m */,
				3E67E8081E52FD62004AF125 /* AFURLRequestSerialization.h */,
				3E67E8091E52FD62004AF125 /* AFURLRequestSerialization.m */,
				3E67E80A1E52FD62004AF125 /* AFURLResponseSerialization.h */,
				3E67E80B1E52FD62004AF125 /* AFURLResponseSerialization.m */,
				3E67E80C1E52FD62004AF125 /* AFURLSessionManager.h */,
				3E67E80D1E52FD62004AF125 /* AFURLSessionManager.m */,
			);
			path = AFNetworking;
			sourceTree = "<group>";
		};
		3E67E8101E52FD62004AF125 /* UIKit+AFNetworking */ = {
			isa = PBXGroup;
			children = (
				3E67E8111E52FD62004AF125 /* AFAutoPurgingImageCache.h */,
				3E67E8121E52FD62004AF125 /* AFAutoPurgingImageCache.m */,
				3E67E8131E52FD62004AF125 /* AFImageDownloader.h */,
				3E67E8141E52FD62004AF125 /* AFImageDownloader.m */,
				3E67E8151E52FD62004AF125 /* AFNetworkActivityIndicatorManager.h */,
				3E67E8161E52FD62004AF125 /* AFNetworkActivityIndicatorManager.m */,
				3E67E8171E52FD62004AF125 /* UIActivityIndicatorView+AFNetworking.h */,
				3E67E8181E52FD62004AF125 /* UIActivityIndicatorView+AFNetworking.m */,
				3E67E8191E52FD62004AF125 /* UIButton+AFNetworking.h */,
				3E67E81A1E52FD62004AF125 /* UIButton+AFNetworking.m */,
				3E67E81B1E52FD62004AF125 /* UIImage+AFNetworking.h */,
				3E67E81C1E52FD62004AF125 /* UIImageView+AFNetworking.h */,
				3E67E81D1E52FD62004AF125 /* UIImageView+AFNetworking.m */,
				3E67E81E1E52FD62004AF125 /* UIKit+AFNetworking.h */,
				3E67E81F1E52FD62004AF125 /* UIProgressView+AFNetworking.h */,
				3E67E8201E52FD62004AF125 /* UIProgressView+AFNetworking.m */,
				3E67E8211E52FD62004AF125 /* UIRefreshControl+AFNetworking.h */,
				3E67E8221E52FD62004AF125 /* UIRefreshControl+AFNetworking.m */,
				3E67E8231E52FD62004AF125 /* UIWebView+AFNetworking.h */,
				3E67E8241E52FD62004AF125 /* UIWebView+AFNetworking.m */,
			);
			path = "UIKit+AFNetworking";
			sourceTree = "<group>";
		};
		EEB29A871DE6CAE300EDF552 = {
			isa = PBXGroup;
			children = (
				EEB29A921DE6CAE300EDF552 /* DownLoad */,
				EEB29A911DE6CAE300EDF552 /* Products */,
			);
			sourceTree = "<group>";
		};
		EEB29A911DE6CAE300EDF552 /* Products */ = {
			isa = PBXGroup;
			children = (
				EEB29A901DE6CAE300EDF552 /* DownLoad.app */,
			);
			name = Products;
			sourceTree = "<group>";
		};
		EEB29A921DE6CAE300EDF552 /* DownLoad */ = {
			isa = PBXGroup;
			children = (
				3E67E7FF1E52FD62004AF125 /* AFNetworking */,
				EEB29A961DE6CAE300EDF552 /* AppDelegate.h */,
				EEB29A971DE6CAE300EDF552 /* AppDelegate.m */,
				EEB29A991DE6CAE300EDF552 /* ViewController.h */,
				EEB29A9A1DE6CAE300EDF552 /* ViewController.m */,
				3E67E8361E530424004AF125 /* PDFViewController.h */,
				3E67E8371E530424004AF125 /* PDFViewController.m */,
				EEB29A9C1DE6CAE300EDF552 /* Main.storyboard */,
				EEB29A9F1DE6CAE300EDF552 /* Assets.xcassets */,
				EEB29AA11DE6CAE300EDF552 /* LaunchScreen.storyboard */,
				EEB29AA41DE6CAE300EDF552 /* Info.plist */,
				EEB29A931DE6CAE300EDF552 /* Supporting Files */,
			);
			path = DownLoad;
			sourceTree = "<group>";
		};
		EEB29A931DE6CAE300EDF552 /* Supporting Files */ = {
			isa = PBXGroup;
			children = (
				EEB29A941DE6CAE300EDF552 /* main.m */,
			);
			name = "Supporting Files";
			sourceTree = "<group>";
		};
/* End PBXGroup section */

/* Begin PBXNativeTarget section */
		EEB29A8F1DE6CAE300EDF552 /* DownLoad */ = {
			isa = PBXNativeTarget;
			buildConfigurationList = EEB29AA71DE6CAE300EDF552 /* Build configuration list for PBXNativeTarget "DownLoad" */;
			buildPhases = (
				EEB29A8C1DE6CAE300EDF552 /* Sources */,
				EEB29A8D1DE6CAE300EDF552 /* Frameworks */,
				EEB29A8E1DE6CAE300EDF552 /* Resources */,
			);
			buildRules = (
			);
			dependencies = (
			);
			name = DownLoad;
			productName = DownLoad;
			productReference = EEB29A901DE6CAE300EDF552 /* DownLoad.app */;
			productType = "com.apple.product-type.application";
		};
/* End PBXNativeTarget section */

/* Begin PBXProject section */
		EEB29A881DE6CAE300EDF552 /* Project object */ = {
			isa = PBXProject;
			attributes = {
				LastUpgradeCheck = 0700;
				ORGANIZATIONNAME = MasterChen;
				TargetAttributes = {
					EEB29A8F1DE6CAE300EDF552 = {
						CreatedOnToolsVersion = 7.0;
						DevelopmentTeam = J4VEF9TL69;
					};
				};
			};
			buildConfigurationList = EEB29A8B1DE6CAE300EDF552 /* Build configuration list for PBXProject "DownLoad" */;
			compatibilityVersion = "Xcode 3.2";
			developmentRegion = English;
			hasScannedForEncodings = 0;
			knownRegions = (
				en,
				Base,
			);
			mainGroup = EEB29A871DE6CAE300EDF552;
			productRefGroup = EEB29A911DE6CAE300EDF552 /* Products */;
			projectDirPath = "";
			projectRoot = "";
			targets = (
				EEB29A8F1DE6CAE300EDF552 /* DownLoad */,
			);
		};
/* End PBXProject section */

/* Begin PBXResourcesBuildPhase section */
		EEB29A8E1DE6CAE300EDF552 /* Resources */ = {
			isa = PBXResourcesBuildPhase;
			buildActionMask = 2147483647;
			files = (
				EEB29AA31DE6CAE300EDF552 /* LaunchScreen.storyboard in Resources */,
				EEB29AA01DE6CAE300EDF552 /* Assets.xcassets in Resources */,
				3E67E82B1E52FD62004AF125 /* LICENSE in Resources */,
				EEB29A9E1DE6CAE300EDF552 /* Main.storyboard in Resources */,
			);
			runOnlyForDeploymentPostprocessing = 0;
		};
/* End PBXResourcesBuildPhase section */

/* Begin PBXSourcesBuildPhase section */
		EEB29A8C1DE6CAE300EDF552 /* Sources */ = {
			isa = PBXSourcesBuildPhase;
			buildActionMask = 2147483647;
			files = (
				3E67E8331E52FD62004AF125 /* UIProgressView+AFNetworking.m in Sources */,
				3E67E8311E52FD62004AF125 /* UIButton+AFNetworking.m in Sources */,
				3E67E8341E52FD62004AF125 /* UIRefreshControl+AFNetworking.m in Sources */,
				3E67E8281E52FD62004AF125 /* AFURLRequestSerialization.m in Sources */,
				3E67E8381E530424004AF125 /* PDFViewController.m in Sources */,
				EEB29A9B1DE6CAE300EDF552 /* ViewController.m in Sources */,
				3E67E82A1E52FD62004AF125 /* AFURLSessionManager.m in Sources */,
				3E67E8291E52FD62004AF125 /* AFURLResponseSerialization.m in Sources */,
				3E67E8321E52FD62004AF125 /* UIImageView+AFNetworking.m in Sources */,
				3E67E82C1E52FD62004AF125 /* README.md in Sources */,
				3E67E8261E52FD62004AF125 /* AFNetworkReachabilityManager.m in Sources */,
				3E67E82D1E52FD62004AF125 /* AFAutoPurgingImageCache.m in Sources */,
				3E67E8271E52FD62004AF125 /* AFSecurityPolicy.m in Sources */,
				3E67E8251E52FD62004AF125 /* AFHTTPSessionManager.m in Sources */,
				3E67E82E1E52FD62004AF125 /* AFImageDownloader.m in Sources */,
				EEB29A981DE6CAE300EDF552 /* AppDelegate.m in Sources */,
				3E67E8351E52FD62004AF125 /* UIWebView+AFNetworking.m in Sources */,
				EEB29A951DE6CAE300EDF552 /* main.m in Sources */,
				3E67E8301E52FD62004AF125 /* UIActivityIndicatorView+AFNetworking.m in Sources */,
				3E67E82F1E52FD62004AF125 /* AFNetworkActivityIndicatorManager.m in Sources */,
			);
			runOnlyForDeploymentPostprocessing = 0;
		};
/* End PBXSourcesBuildPhase section */

/* Begin PBXVariantGroup section */
		EEB29A9C1DE6CAE300EDF552 /* Main.storyboard */ = {
			isa = PBXVariantGroup;
			children = (
				EEB29A9D1DE6CAE300EDF552 /* Base */,
			);
			name = Main.storyboard;
			sourceTree = "<group>";
		};
		EEB29AA11DE6CAE300EDF552 /* LaunchScreen.storyboard */ = {
			isa = PBXVariantGroup;
			children = (
				EEB29AA21DE6CAE300EDF552 /* Base */,
			);
			name = LaunchScreen.storyboard;
			sourceTree = "<group>";
		};
/* End PBXVariantGroup section */

/* Begin XCBuildConfiguration section */
		EEB29AA51DE6CAE300EDF552 /* Debug */ = {
			isa = XCBuildConfiguration;
			buildSettings = {
				ALWAYS_SEARCH_USER_PATHS = NO;
				CLANG_CXX_LANGUAGE_STANDARD = "gnu++0x";
				CLANG_CXX_LIBRARY = "libc++";
				CLANG_ENABLE_MODULES = YES;
				CLANG_ENABLE_OBJC_ARC = YES;
				CLANG_WARN_BOOL_CONVERSION = YES;
				CLANG_WARN_CONSTANT_CONVERSION = YES;
				CLANG_WARN_DIRECT_OBJC_ISA_USAGE = YES_ERROR;
				CLANG_WARN_EMPTY_BODY = YES;
				CLANG_WARN_ENUM_CONVERSION = YES;
				CLANG_WARN_INT_CONVERSION = YES;
				CLANG_WARN_OBJC_ROOT_CLASS = YES_ERROR;
				CLANG_WARN_UNREACHABLE_CODE = YES;
				CLANG_WARN__DUPLICATE_METHOD_MATCH = YES;
				"CODE_SIGN_IDENTITY[sdk=iphoneos*]" = "iPhone Developer";
				COPY_PHASE_STRIP = NO;
				DEBUG_INFORMATION_FORMAT = dwarf;
				ENABLE_STRICT_OBJC_MSGSEND = YES;
				ENABLE_TESTABILITY = YES;
				GCC_C_LANGUAGE_STANDARD = gnu99;
				GCC_DYNAMIC_NO_PIC = NO;
				GCC_NO_COMMON_BLOCKS = YES;
				GCC_OPTIMIZATION_LEVEL = 0;
				GCC_PREPROCESSOR_DEFINITIONS = (
					"DEBUG=1",
					"$(inherited)",
				);
				GCC_WARN_64_TO_32_BIT_CONVERSION = YES;
				GCC_WARN_ABOUT_RETURN_TYPE = YES_ERROR;
				GCC_WARN_UNDECLARED_SELECTOR = YES;
				GCC_WARN_UNINITIALIZED_AUTOS = YES_AGGRESSIVE;
				GCC_WARN_UNUSED_FUNCTION = YES;
				GCC_WARN_UNUSED_VARIABLE = YES;
				IPHONEOS_DEPLOYMENT_TARGET = 9.0;
				MTL_ENABLE_DEBUG_INFO = YES;
				ONLY_ACTIVE_ARCH = YES;
				SDKROOT = iphoneos;
			};
			name = Debug;
		};
		EEB29AA61DE6CAE300EDF552 /* Release */ = {
			isa = XCBuildConfiguration;
			buildSettings = {
				ALWAYS_SEARCH_USER_PATHS = NO;
				CLANG_CXX_LANGUAGE_STANDARD = "gnu++0x";
				CLANG_CXX_LIBRARY = "libc++";
				CLANG_ENABLE_MODULES = YES;
				CLANG_ENABLE_OBJC_ARC = YES;
				CLANG_WARN_BOOL_CONVERSION = YES;
				CLANG_WARN_CONSTANT_CONVERSION = YES;
				CLANG_WARN_DIRECT_OBJC_ISA_USAGE = YES_ERROR;
				CLANG_WARN_EMPTY_BODY = YES;
				CLANG_WARN_ENUM_CONVERSION = YES;
				CLANG_WARN_INT_CONVERSION = YES;
				CLANG_WARN_OBJC_ROOT_CLASS = YES_ERROR;
				CLANG_WARN_UNREACHABLE_CODE = YES;
				CLANG_WARN__DUPLICATE_METHOD_MATCH = YES;
				"CODE_SIGN_IDENTITY[sdk=iphoneos*]" = "iPhone Developer";
				COPY_PHASE_STRIP = NO;
				DEBUG_INFORMATION_FORMAT = "dwarf-with-dsym";
				ENABLE_NS_ASSERTIONS = NO;
				ENABLE_STRICT_OBJC_MSGSEND = YES;
				GCC_C_LANGUAGE_STANDARD = gnu99;
				GCC_NO_COMMON_BLOCKS = YES;
				GCC_WARN_64_TO_32_BIT_CONVERSION = YES;
				GCC_WARN_ABOUT_RETURN_TYPE = YES_ERROR;
				GCC_WARN_UNDECLARED_SELECTOR = YES;
				GCC_WARN_UNINITIALIZED_AUTOS = YES_AGGRESSIVE;
				GCC_WARN_UNUSED_FUNCTION = YES;
				GCC_WARN_UNUSED_VARIABLE = YES;
				IPHONEOS_DEPLOYMENT_TARGET = 9.0;
				MTL_ENABLE_DEBUG_INFO = NO;
				SDKROOT = iphoneos;
				VALIDATE_PRODUCT = YES;
			};
			name = Release;
		};
		EEB29AA81DE6CAE300EDF552 /* Debug */ = {
			isa = XCBuildConfiguration;
			buildSettings = {
				ASSETCATALOG_COMPILER_APPICON_NAME = AppIcon;
				DEVELOPMENT_TEAM = J4VEF9TL69;
				INFOPLIST_FILE = DownLoad/Info.plist;
				LD_RUNPATH_SEARCH_PATHS = "$(inherited) @executable_path/Frameworks";
				PRODUCT_BUNDLE_IDENTIFIER = com.chen.DownLoad;
				PRODUCT_NAME = "$(TARGET_NAME)";
			};
			name = Debug;
		};
		EEB29AA91DE6CAE300EDF552 /* Release */ = {
			isa = XCBuildConfiguration;
			buildSettings = {
				ASSETCATALOG_COMPILER_APPICON_NAME = AppIcon;
				DEVELOPMENT_TEAM = J4VEF9TL69;
				INFOPLIST_FILE = DownLoad/Info.plist;
				LD_RUNPATH_SEARCH_PATHS = "$(inherited) @executable_path/Frameworks";
				PRODUCT_BUNDLE_IDENTIFIER = com.chen.DownLoad;
				PRODUCT_NAME = "$(TARGET_NAME)";
			};
			name = Release;
		};
/* End XCBuildConfiguration section */

/* Begin XCConfigurationList section */
		EEB29A8B1DE6CAE300EDF552 /* Build configuration list for PBXProject "DownLoad" */ = {
			isa = XCConfigurationList;
			buildConfigurations = (
				EEB29AA51DE6CAE300EDF552 /* Debug */,
				EEB29AA61DE6CAE300EDF552 /* Release */,
			);
			defaultConfigurationIsVisible = 0;
			defaultConfigurationName = Release;
		};
		EEB29AA71DE6CAE300EDF552 /* Build configuration list for PBXNativeTarget "DownLoad" */ = {
			isa = XCConfigurationList;
			buildConfigurations = (
				EEB29AA81DE6CAE300EDF552 /* Debug */,
				EEB29AA91DE6CAE300EDF552 /* Release */,
			);
			defaultConfigurationIsVisible = 0;
			defaultConfigurationName = Release;
		};
/* End XCConfigurationList section */
	};
	rootObject = EEB29A881DE6CAE300EDF552 /* Project object */;
}
